github.com/dal-go/dalgo v0.24.0 h1:lwf2S7+zBhp5z1HQXSKpsLd5ZXkby0aDm3jcEQA2VQI=
github.com/dal-go/dalgo v0.24.0/go.mod h1:BoMNGwDE9FdjynV7xCn5f/GdVJxvfePwjsMldn+BhqA=
github.com/strongo/random v0.0.1 h1:OZHJBb/3uEa7OX8L2Dv2pLnSeewRmXMyTACoeto6O8I=
github.com/strongo/random v0.0.1/go.mod h1:/pSI+SjBNLBkjljNtVdYr6ERddA+LqSa87o0/s+9iuU=
